name: Generate Package Lock

on:
  push:
    branches:
      - hardening/dependency-security

permissions:
  contents: read

jobs:
  lock:
    runs-on: ubuntu-latest
    steps:
      - name: Check out repository
        uses: actions/checkout@v4

      - name: Set up Node
        uses: actions/setup-node@v4
        with:
          node-version: 22

      - name: Generate audited package lock
        run: |
          npm install --package-lock-only
          npm audit --audit-level=high

      - name: Upload package lock
        uses: actions/upload-artifact@v4
        with:
          name: opfin-fe-package-lock
          path: package-lock.json
          if-no-files-found: error
          retention-days: 1
